// !$*UTF8*$!
{
	archiveVersion = 1;
	classes = {
	};
	objectVersion = 77;
	objects = {

/* Begin PBXBuildFile section */
		017959C9F45D8E0D4A01C5A6 /* GooseView.swift in Sources */ = {isa = PBXBuildFile; fileRef = 5B47951E494EC28E765569B2 /* GooseView.swift */; };
		02EEA7EC9EBFB369FF402410 /* GooseAnimations.swift in Sources */ = {isa = PBXBuildFile; fileRef = 86EBBC7BC7B69040EE79888B /* GooseAnimations.swift */; };
		045511F37A331C29DAD6B7F5 /* GoalListView.swift in Sources */ = {isa = PBXBuildFile; fileRef = 6BCA0686348168B60F7AB827 /* GoalListView.swift */; };
		0BF180C0CF793DA035E31032 /* RewardEngine.swift in Sources */ = {isa = PBXBuildFile; fileRef = 2EE23080F0C585620FA2AA80 /* RewardEngine.swift */; };
		1344CABD800068004099CC07 /* ContentView.swift in Sources */ = {isa = PBXBuildFile; fileRef = AE9FF2C893266ED149C99A6F /* ContentView.swift */; };
		14047F718F25D0338EBCDA49 /* GooseViewModel.swift in Sources */ = {isa = PBXBuildFile; fileRef = 6093B883BCF12E79488221CC /* GooseViewModel.swift */; };
		1DAC8FD935D9C210CEDEC056 /* FocusSessionView.swift in Sources */ = {isa = PBXBuildFile; fileRef = 220BD24CBD965B1825F27DF4 /* FocusSessionView.swift */; };
		27B01CCD612F6AA99A180327 /* GooseState.swift in Sources */ = {isa = PBXBuildFile; fileRef = 117B204C5AA42A37727CDF30 /* GooseState.swift */; };
		2967D41799C4AF2113970315 /* GooseLiveActivityManager.swift in Sources */ = {isa = PBXBuildFile; fileRef = B6005608AC5C4BABBD044679 /* GooseLiveActivityManager.swift */; };
		2F3E292F809B7EE6E15DD73E /* DistractionApp.swift in Sources */ = {isa = PBXBuildFile; fileRef = 2D3EFD4ADA025B5122C4EBEF /* DistractionApp.swift */; };
		3C2C3C45771B5231BBD4A79A /* GooseEngineTests.swift in Sources */ = {isa = PBXBuildFile; fileRef = 8F0AACFDB6E06365F7B6764C /* GooseEngineTests.swift */; };
		45A0AB0B4C6AD741A245043E /* WatchApp.swift in Sources */ = {isa = PBXBuildFile; fileRef = 0F9F686670F7CA74D19AB1BD /* WatchApp.swift */; };
		4641DE71A6A7AAD75B9019C2 /* TamaGoosieWidgets.appex in Embed Foundation Extensions */ = {isa = PBXBuildFile; fileRef = E7EC7D24AD17972EC819FD58 /* TamaGoosieWidgets.appex */; settings = {ATTRIBUTES = (RemoveHeadersOnCopy, ); }; };
		48444724C3D21789368ECF65 /* Constants.swift in Sources */ = {isa = PBXBuildFile; fileRef = C47A9B7B550DD4EC4C0957A5 /* Constants.swift */; };
		4870F5458C5868D1EA3FB4E8 /* DecayEngine.swift in Sources */ = {isa = PBXBuildFile; fileRef = 27B4DBB787504B206C0A8B90 /* DecayEngine.swift */; };
		4AB345509C5A405F7F7F99F2 /* UserProfile.swift in Sources */ = {isa = PBXBuildFile; fileRef = A088FE71FAEE764B51B4E397 /* UserProfile.swift */; };
		50B36BCF8F7A21E2EA1BF6F6 /* DistractionConfigView.swift in Sources */ = {isa = PBXBuildFile; fileRef = E6F1F167391F2165F325B1A2 /* DistractionConfigView.swift */; };
		5B2C947E22E04B4ABDBC7D00 /* GooseNotificationSystem.swift in Sources */ = {isa = PBXBuildFile; fileRef = CF5479EFDE734D10996D06D5 /* GooseNotificationSystem.swift */; };
		5B5E576132FB401FBC8BA7FF /* GooseSpeechGenerator.swift in Sources */ = {isa = PBXBuildFile; fileRef = 03E910D5DA3446808CAC1DB8 /* GooseSpeechGenerator.swift */; };
		62FEE01D7B201E49F60BB363 /* Constants.swift in Sources */ = {isa = PBXBuildFile; fileRef = C47A9B7B550DD4EC4C0957A5 /* Constants.swift */; };
		6518F54CF53495BE62C6735E /* Assets.xcassets in Resources */ = {isa = PBXBuildFile; fileRef = 0D59F30ADA27A66E78D15370 /* Assets.xcassets */; };
		661B98CF0AE80931B1DCC43D /* GooseComplication.swift in Sources */ = {isa = PBXBuildFile; fileRef = 3DDC68452E992AE126D3FFFF /* GooseComplication.swift */; };
		673B7B0F82D1381297552048 /* Goal.swift in Sources */ = {isa = PBXBuildFile; fileRef = 9EDDD2DC5109B05AB1A3A6BE /* Goal.swift */; };
		68E1ADD5A49B6F106B8692B0 /* HealthSnapshot.swift in Sources */ = {isa = PBXBuildFile; fileRef = 45E891BC9D028499BD9C7AF7 /* HealthSnapshot.swift */; };
		6AC042C8F1D9EFFFA2BF0EBA /* GooseStats.swift in Sources */ = {isa = PBXBuildFile; fileRef = 2D4D75B6A0457EE19E0EAA93 /* GooseStats.swift */; };
		6C420832D884DEB8E7135990 /* NotificationManager.swift in Sources */ = {isa = PBXBuildFile; fileRef = 6A1CD1FB33CE72E4D48E8EA0 /* NotificationManager.swift */; };
		73F5C4177F088E9FCF42BE18 /* GoosePhase.swift in Sources */ = {isa = PBXBuildFile; fileRef = 05A4B225F077A7D0D7DE4511 /* GoosePhase.swift */; };
		75DBFF4769BD7A6028D47972 /* WatchSyncReceiver.swift in Sources */ = {isa = PBXBuildFile; fileRef = E2E3270DF17E2F22F9077425 /* WatchSyncReceiver.swift */; };
		75DD0AC472950585037683BF /* DailyLog.swift in Sources */ = {isa = PBXBuildFile; fileRef = 8954547141902CE3FC703601 /* DailyLog.swift */; };
		797E5DDDA429D96A2F55FFA8 /* GoalViewModel.swift in Sources */ = {isa = PBXBuildFile; fileRef = 347903A27040413E68451AD9 /* GoalViewModel.swift */; };
		8011B9135369B9163BF57D74 /* GoosieTheme.swift in Sources */ = {isa = PBXBuildFile; fileRef = ABF97FF359441B0799D8CB3D /* GoosieTheme.swift */; };
		8310F2E97FBA727473AA1DAD /* DecayEngineTests.swift in Sources */ = {isa = PBXBuildFile; fileRef = EF1ECEB7316CD68905419198 /* DecayEngineTests.swift */; };
		8A1C3754E0D255985FC38D18 /* GoalEditorView.swift in Sources */ = {isa = PBXBuildFile; fileRef = 7E44C8076495B92B17387492 /* GoalEditorView.swift */; };
		8FCE49D307A4F3661286DBDD /* Constants.swift in Sources */ = {isa = PBXBuildFile; fileRef = C47A9B7B550DD4EC4C0957A5 /* Constants.swift */; };
		932428714B941E4DB24F0DE5 /* GoosePhase.swift in Sources */ = {isa = PBXBuildFile; fileRef = 05A4B225F077A7D0D7DE4511 /* GoosePhase.swift */; };
		9A59252343D4DAFFA8EEED20 /* GooseStats.swift in Sources */ = {isa = PBXBuildFile; fileRef = 2D4D75B6A0457EE19E0EAA93 /* GooseStats.swift */; };
		9C4A5FC197A58EF9EC6D0790 /* GooseLiveActivity.swift in Sources */ = {isa = PBXBuildFile; fileRef = A3D4CFAEACB87A38F0E1286E /* GooseLiveActivity.swift */; };
		9F3E5B523369CD8D8A13383C /* GooseWidget.swift in Sources */ = {isa = PBXBuildFile; fileRef = E7119B3A0869220100DF3B9D /* GooseWidget.swift */; };
		9F654D0DA550DDAC7A817EE6 /* SyncPayload.swift in Sources */ = {isa = PBXBuildFile; fileRef = 2F4E8216FE4F12721B999D82 /* SyncPayload.swift */; };
		A4BFA7900EE7B0AEAA12E357 /* FocusTimer.swift in Sources */ = {isa = PBXBuildFile; fileRef = 952AFEB5B959DAF6DA2884B7 /* FocusTimer.swift */; };
		A6597EDA797C71161C9E7053 /* GoosePhase.swift in Sources */ = {isa = PBXBuildFile; fileRef = 05A4B225F077A7D0D7DE4511 /* GoosePhase.swift */; };
		A6FBF6EB77764BFE9C53F814 /* EscalationTracker.swift in Sources */ = {isa = PBXBuildFile; fileRef = 370E16E8CAC34C8994503875 /* EscalationTracker.swift */; };
		A76416F6B06ECCFAA06F0439 /* SyncPayload.swift in Sources */ = {isa = PBXBuildFile; fileRef = 2F4E8216FE4F12721B999D82 /* SyncPayload.swift */; };
		A9716F03CD5E2418FDD90778 /* OnboardingView.swift in Sources */ = {isa = PBXBuildFile; fileRef = 9A2E274D0CC79E9693624851 /* OnboardingView.swift */; };
		ABF9CF827C3739BE790208A4 /* SyncPayload.swift in Sources */ = {isa = PBXBuildFile; fileRef = 2F4E8216FE4F12721B999D82 /* SyncPayload.swift */; };
		BF5DD0E43CB955F8B53473ED /* SyncPayloadTests.swift in Sources */ = {isa = PBXBuildFile; fileRef = DA5121AC95426E42B580756F /* SyncPayloadTests.swift */; };
		C20ECD2853A27096D410D90A /* TamaGoosieApp.swift in Sources */ = {isa = PBXBuildFile; fileRef = 20817DC434F39927E7A30358 /* TamaGoosieApp.swift */; };
		CF2A2DA87AA6A0F57E753A5E /* DistractionOverlay.swift in Sources */ = {isa = PBXBuildFile; fileRef = FE71510B695CABD03828F0D4 /* DistractionOverlay.swift */; };
		D0DDD308DD96993F2E9DE905 /* SettingsView.swift in Sources */ = {isa = PBXBuildFile; fileRef = 5C031B61EC6D7BE366BE5676 /* SettingsView.swift */; };
		D3AABE326679EAF4948FB8E2 /* WatchSyncService.swift in Sources */ = {isa = PBXBuildFile; fileRef = D16C84C36F09317E8C15BBCC /* WatchSyncService.swift */; };
		D5B63129B23F42A89AB55725 /* NegotiationView.swift in Sources */ = {isa = PBXBuildFile; fileRef = BDE3CF1CBDF748B39B968D73 /* NegotiationView.swift */; };
		DDE3869EE51EC920EEE17CF9 /* HealthDashboard.swift in Sources */ = {isa = PBXBuildFile; fileRef = E129223B490F8E32CA9DF16B /* HealthDashboard.swift */; };
		DE551AED1717A85D2F0D8F8D /* GooseStats.swift in Sources */ = {isa = PBXBuildFile; fileRef = 2D4D75B6A0457EE19E0EAA93 /* GooseStats.swift */; };
		E52794FF653860AE226F500B /* HealthKitManager.swift in Sources */ = {isa = PBXBuildFile; fileRef = 2F9ED139D6A88C4B71AFFEDF /* HealthKitManager.swift */; };
		E7FF5F4CB6202B053210D30F /* GooseEngine.swift in Sources */ = {isa = PBXBuildFile; fileRef = 60862FF4436630CDC20ABFF6 /* GooseEngine.swift */; };
		EE4C9C8159F689332A7F8B11 /* GooseGlanceView.swift in Sources */ = {isa = PBXBuildFile; fileRef = 9B880E96B410E34DD097D19C /* GooseGlanceView.swift */; };
		F4C4B2DA6ECFB1897B0141DE /* QuickLogView.swift in Sources */ = {isa = PBXBuildFile; fileRef = 623B6AAB6F88CC9EAE2E0A37 /* QuickLogView.swift */; };
		F5F770EBC685C351BAD13695 /* FocusSession.swift in Sources */ = {isa = PBXBuildFile; fileRef = C8DFE5F2C68892AC91BD06E5 /* FocusSession.swift */; };
		FA700BBA888F6144D8A8763B /* GoosieComponents.swift in Sources */ = {isa = PBXBuildFile; fileRef = A47CB8B4BE05AD7BADEE3357 /* GoosieComponents.swift */; };
/* End PBXBuildFile section */

/* Begin PBXContainerItemProxy section */
		58738941CDEC79CF3E43744E /* PBXContainerItemProxy */ = {
			isa = PBXContainerItemProxy;
			containerPortal = B50A12A259610BBAA13A0734 /* Project object */;
			proxyType = 1;
			remoteGlobalIDString = 828D1BDA4ABFF8D091834CB1;
			remoteInfo = TamaGoosie;
		};
		F58D691EDA08BF73434B9F7B /* PBXContainerItemProxy */ = {
			isa = PBXContainerItemProxy;
			containerPortal = B50A12A259610BBAA13A0734 /* Project object */;
			proxyType = 1;
			remoteGlobalIDString = 3212585604C1E2524B96F439;
			remoteInfo = TamaGoosieWidgets;
		};
/* End PBXContainerItemProxy section */

/* Begin PBXCopyFilesBuildPhase section */
		A82A9D45D93308309E7D2F1E /* Embed Foundation Extensions */ = {
			isa = PBXCopyFilesBuildPhase;
			buildActionMask = 2147483647;
			dstPath = "";
			dstSubfolderSpec = 13;
			files = (
				4641DE71A6A7AAD75B9019C2 /* TamaGoosieWidgets.appex in Embed Foundation Extensions */,
			);
			name = "Embed Foundation Extensions";
			runOnlyForDeploymentPostprocessing = 0;
		};
/* End PBXCopyFilesBuildPhase section */

/* Begin PBXFileReference section */
		03E910D5DA3446808CAC1DB8 /* GooseSpeechGenerator.swift */ = {isa = PBXFileReference; lastKnownFileType = sourcecode.swift; path = GooseSpeechGenerator.swift; sourceTree = "<group>"; };
		05A4B225F077A7D0D7DE4511 /* GoosePhase.swift */ = {isa = PBXFileReference; lastKnownFileType = sourcecode.swift; path = GoosePhase.swift; sourceTree = "<group>"; };
		0D59F30ADA27A66E78D15370 /* Assets.xcassets */ = {isa = PBXFileReference; lastKnownFileType = folder.assetcatalog; path = Assets.xcassets; sourceTree = "<group>"; };
		0F9F686670F7CA74D19AB1BD /* WatchApp.swift */ = {isa = PBXFileReference; lastKnownFileType = sourcecode.swift; path = WatchApp.swift; sourceTree = "<group>"; };
		117B204C5AA42A37727CDF30 /* GooseState.swift */ = {isa = PBXFileReference; lastKnownFileType = sourcecode.swift; path = GooseState.swift; sourceTree = "<group>"; };
		17261D1A6061032AE35D42C6 /* TamaGoosieWatch.entitlements */ = {isa = PBXFileReference; lastKnownFileType = text.plist.entitlements; path = TamaGoosieWatch.entitlements; sourceTree = "<group>"; };
		20817DC434F39927E7A30358 /* TamaGoosieApp.swift */ = {isa = PBXFileReference; lastKnownFileType = sourcecode.swift; path = TamaGoosieApp.swift; sourceTree = "<group>"; };
		220BD24CBD965B1825F27DF4 /* FocusSessionView.swift */ = {isa = PBXFileReference; lastKnownFileType = sourcecode.swift; path = FocusSessionView.swift; sourceTree = "<group>"; };
		27B4DBB787504B206C0A8B90 /* DecayEngine.swift */ = {isa = PBXFileReference; lastKnownFileType = sourcecode.swift; path = DecayEngine.swift; sourceTree = "<group>"; };
		2D3EFD4ADA025B5122C4EBEF /* DistractionApp.swift */ = {isa = PBXFileReference; lastKnownFileType = sourcecode.swift; path = DistractionApp.swift; sourceTree = "<group>"; };
		2D4D75B6A0457EE19E0EAA93 /* GooseStats.swift */ = {isa = PBXFileReference; lastKnownFileType = sourcecode.swift; path = GooseStats.swift; sourceTree = "<group>"; };
		2EE23080F0C585620FA2AA80 /* RewardEngine.swift */ = {isa = PBXFileReference; lastKnownFileType = sourcecode.swift; path = RewardEngine.swift; sourceTree = "<group>"; };
		2F4E8216FE4F12721B999D82 /* SyncPayload.swift */ = {isa = PBXFileReference; lastKnownFileType = sourcecode.swift; path = SyncPayload.swift; sourceTree = "<group>"; };
		2F9ED139D6A88C4B71AFFEDF /* HealthKitManager.swift */ = {isa = PBXFileReference; lastKnownFileType = sourcecode.swift; path = HealthKitManager.swift; sourceTree = "<group>"; };
		347903A27040413E68451AD9 /* GoalViewModel.swift */ = {isa = PBXFileReference; lastKnownFileType = sourcecode.swift; path = GoalViewModel.swift; sourceTree = "<group>"; };
		370E16E8CAC34C8994503875 /* EscalationTracker.swift */ = {isa = PBXFileReference; lastKnownFileType = sourcecode.swift; path = EscalationTracker.swift; sourceTree = "<group>"; };
		3DDC68452E992AE126D3FFFF /* GooseComplication.swift */ = {isa = PBXFileReference; lastKnownFileType = sourcecode.swift; path = GooseComplication.swift; sourceTree = "<group>"; };
		45E891BC9D028499BD9C7AF7 /* HealthSnapshot.swift */ = {isa = PBXFileReference; lastKnownFileType = sourcecode.swift; path = HealthSnapshot.swift; sourceTree = "<group>"; };
		5147463B115B9A90E0D53823 /* TamaGoosie.app */ = {isa = PBXFileReference; explicitFileType = wrapper.application; includeInIndex = 0; path = TamaGoosie.app; sourceTree = BUILT_PRODUCTS_DIR; };
		53C5205B9F9287BB3E870F0F /* Info.plist */ = {isa = PBXFileReference; lastKnownFileType = text.plist; path = Info.plist; sourceTree = "<group>"; };
		594C6090F567DB0B8782D5D2 /* TamaGoosieWatch.app */ = {isa = PBXFileReference; explicitFileType = wrapper.application; includeInIndex = 0; path = TamaGoosieWatch.app; sourceTree = BUILT_PRODUCTS_DIR; };
		5B47951E494EC28E765569B2 /* GooseView.swift */ = {isa = PBXFileReference; lastKnownFileType = sourcecode.swift; path = GooseView.swift; sourceTree = "<group>"; };
		5C031B61EC6D7BE366BE5676 /* SettingsView.swift */ = {isa = PBXFileReference; lastKnownFileType = sourcecode.swift; path = SettingsView.swift; sourceTree = "<group>"; };
		60862FF4436630CDC20ABFF6 /* GooseEngine.swift */ = {isa = PBXFileReference; lastKnownFileType = sourcecode.swift; path = GooseEngine.swift; sourceTree = "<group>"; };
		6093B883BCF12E79488221CC /* GooseViewModel.swift */ = {isa = PBXFileReference; lastKnownFileType = sourcecode.swift; path = GooseViewModel.swift; sourceTree = "<group>"; };
		623B6AAB6F88CC9EAE2E0A37 /* QuickLogView.swift */ = {isa = PBXFileReference; lastKnownFileType = sourcecode.swift; path = QuickLogView.swift; sourceTree = "<group>"; };
		6A1CD1FB33CE72E4D48E8EA0 /* NotificationManager.swift */ = {isa = PBXFileReference; lastKnownFileType = sourcecode.swift; path = NotificationManager.swift; sourceTree = "<group>"; };
		6BCA0686348168B60F7AB827 /* GoalListView.swift */ = {isa = PBXFileReference; lastKnownFileType = sourcecode.swift; path = GoalListView.swift; sourceTree = "<group>"; };
		7E44C8076495B92B17387492 /* GoalEditorView.swift */ = {isa = PBXFileReference; lastKnownFileType = sourcecode.swift; path = GoalEditorView.swift; sourceTree = "<group>"; };
		86EBBC7BC7B69040EE79888B /* GooseAnimations.swift */ = {isa = PBXFileReference; lastKnownFileType = sourcecode.swift; path = GooseAnimations.swift; sourceTree = "<group>"; };
		8954547141902CE3FC703601 /* DailyLog.swift */ = {isa = PBXFileReference; lastKnownFileType = sourcecode.swift; path = DailyLog.swift; sourceTree = "<group>"; };
		8F0AACFDB6E06365F7B6764C /* GooseEngineTests.swift */ = {isa = PBXFileReference; lastKnownFileType = sourcecode.swift; path = GooseEngineTests.swift; sourceTree = "<group>"; };
		8FA52C55A9DDABB6A6056E1C /* Info.plist */ = {isa = PBXFileReference; lastKnownFileType = text.plist; path = Info.plist; sourceTree = "<group>"; };
		9045EF046E73C3C5CD29A718 /* TamaGoosieWidgets.entitlements */ = {isa = PBXFileReference; lastKnownFileType = text.plist.entitlements; path = TamaGoosieWidgets.entitlements; sourceTree = "<group>"; };
		941895C46340D7F63726C6F7 /* Info.plist */ = {isa = PBXFileReference; lastKnownFileType = text.plist; path = Info.plist; sourceTree = "<group>"; };
		952AFEB5B959DAF6DA2884B7 /* FocusTimer.swift */ = {isa = PBXFileReference; lastKnownFileType = sourcecode.swift; path = FocusTimer.swift; sourceTree = "<group>"; };
		9A2E274D0CC79E9693624851 /* OnboardingView.swift */ = {isa = PBXFileReference; lastKnownFileType = sourcecode.swift; path = OnboardingView.swift; sourceTree = "<group>"; };
		9B880E96B410E34DD097D19C /* GooseGlanceView.swift */ = {isa = PBXFileReference; lastKnownFileType = sourcecode.swift; path = GooseGlanceView.swift; sourceTree = "<group>"; };
		9EDDD2DC5109B05AB1A3A6BE /* Goal.swift */ = {isa = PBXFileReference; lastKnownFileType = sourcecode.swift; path = Goal.swift; sourceTree = "<group>"; };
		A088FE71FAEE764B51B4E397 /* UserProfile.swift */ = {isa = PBXFileReference; lastKnownFileType = sourcecode.swift; path = UserProfile.swift; sourceTree = "<group>"; };
		A3D4CFAEACB87A38F0E1286E /* GooseLiveActivity.swift */ = {isa = PBXFileReference; lastKnownFileType = sourcecode.swift; path = GooseLiveActivity.swift; sourceTree = "<group>"; };
		A47CB8B4BE05AD7BADEE3357 /* GoosieComponents.swift */ = {isa = PBXFileReference; lastKnownFileType = sourcecode.swift; path = GoosieComponents.swift; sourceTree = "<group>"; };
		ABF97FF359441B0799D8CB3D /* GoosieTheme.swift */ = {isa = PBXFileReference; lastKnownFileType = sourcecode.swift; path = GoosieTheme.swift; sourceTree = "<group>"; };
		AE9FF2C893266ED149C99A6F /* ContentView.swift */ = {isa = PBXFileReference; lastKnownFileType = sourcecode.swift; path = ContentView.swift; sourceTree = "<group>"; };
		B6005608AC5C4BABBD044679 /* GooseLiveActivityManager.swift */ = {isa = PBXFileReference; lastKnownFileType = sourcecode.swift; path = GooseLiveActivityManager.swift; sourceTree = "<group>"; };
		BDE3CF1CBDF748B39B968D73 /* NegotiationView.swift */ = {isa = PBXFileReference; lastKnownFileType = sourcecode.swift; path = NegotiationView.swift; sourceTree = "<group>"; };
		C47A9B7B550DD4EC4C0957A5 /* Constants.swift */ = {isa = PBXFileReference; lastKnownFileType = sourcecode.swift; path = Constants.swift; sourceTree = "<group>"; };
		C8DFE5F2C68892AC91BD06E5 /* FocusSession.swift */ = {isa = PBXFileReference; lastKnownFileType = sourcecode.swift; path = FocusSession.swift; sourceTree = "<group>"; };
		CB6F6E769C5BFA19F71041A3 /* TamaGoosieTests.xctest */ = {isa = PBXFileReference; includeInIndex = 0; lastKnownFileType = wrapper.cfbundle; path = TamaGoosieTests.xctest; sourceTree = BUILT_PRODUCTS_DIR; };
		CF5479EFDE734D10996D06D5 /* GooseNotificationSystem.swift */ = {isa = PBXFileReference; lastKnownFileType = sourcecode.swift; path = GooseNotificationSystem.swift; sourceTree = "<group>"; };
		D16C84C36F09317E8C15BBCC /* WatchSyncService.swift */ = {isa = PBXFileReference; lastKnownFileType = sourcecode.swift; path = WatchSyncService.swift; sourceTree = "<group>"; };
		D6E9D1CB4D404178EF0F3BD5 /* TamaGoosie.entitlements */ = {isa = PBXFileReference; lastKnownFileType = text.plist.entitlements; path = TamaGoosie.entitlements; sourceTree = "<group>"; };
		DA5121AC95426E42B580756F /* SyncPayloadTests.swift */ = {isa = PBXFileReference; lastKnownFileType = sourcecode.swift; path = SyncPayloadTests.swift; sourceTree = "<group>"; };
		E129223B490F8E32CA9DF16B /* HealthDashboard.swift */ = {isa = PBXFileReference; lastKnownFileType = sourcecode.swift; path = HealthDashboard.swift; sourceTree = "<group>"; };
		E2E3270DF17E2F22F9077425 /* WatchSyncReceiver.swift */ = {isa = PBXFileReference; lastKnownFileType = sourcecode.swift; path = WatchSyncReceiver.swift; sourceTree = "<group>"; };
		E6F1F167391F2165F325B1A2 /* DistractionConfigView.swift */ = {isa = PBXFileReference; lastKnownFileType = sourcecode.swift; path = DistractionConfigView.swift; sourceTree = "<group>"; };
		E7119B3A0869220100DF3B9D /* GooseWidget.swift */ = {isa = PBXFileReference; lastKnownFileType = sourcecode.swift; path = GooseWidget.swift; sourceTree = "<group>"; };
		E7EC7D24AD17972EC819FD58 /* TamaGoosieWidgets.appex */ = {isa = PBXFileReference; includeInIndex = 0; lastKnownFileType = "wrapper.app-extension"; path = TamaGoosieWidgets.appex; sourceTree = BUILT_PRODUCTS_DIR; };
		EF1ECEB7316CD68905419198 /* DecayEngineTests.swift */ = {isa = PBXFileReference; lastKnownFileType = sourcecode.swift; path = DecayEngineTests.swift; sourceTree = "<group>"; };
		FE71510B695CABD03828F0D4 /* DistractionOverlay.swift */ = {isa = PBXFileReference; lastKnownFileType = sourcecode.swift; path = DistractionOverlay.swift; sourceTree = "<group>"; };
/* End PBXFileReference section */

/* Begin PBXGroup section */
		05E4BD8E7C0524D456EFC5D6 /* Goals */ = {
			isa = PBXGroup;
			children = (
				7E44C8076495B92B17387492 /* GoalEditorView.swift */,
				6BCA0686348168B60F7AB827 /* GoalListView.swift */,
				347903A27040413E68451AD9 /* GoalViewModel.swift */,
			);
			path = Goals;
			sourceTree = "<group>";
		};
		14F08DE11D47958E84F034BF = {
			isa = PBXGroup;
			children = (
				CF2565352B123876F9BC1F94 /* Shared */,
				F1243059AAF610040F5A0EBE /* TamaGoosie */,
				A8819B930C83700E791EA1EA /* TamaGoosieTests */,
				43CEE484B69AA87E43366CD6 /* TamaGoosieWatch */,
				427C2F7EA4AE0EBF2D3E1406 /* TamaGoosieWidgets */,
				42294B82236E7318D323B162 /* Products */,
			);
			sourceTree = "<group>";
		};
		1B8464E5BCCF5D87E582A416 /* Goose */ = {
			isa = PBXGroup;
			children = (
				86EBBC7BC7B69040EE79888B /* GooseAnimations.swift */,
				A3D4CFAEACB87A38F0E1286E /* GooseLiveActivity.swift */,
				B6005608AC5C4BABBD044679 /* GooseLiveActivityManager.swift */,
				5B47951E494EC28E765569B2 /* GooseView.swift */,
				6093B883BCF12E79488221CC /* GooseViewModel.swift */,
			);
			path = Goose;
			sourceTree = "<group>";
		};
		2B22E48DC91A055D63904ACF /* Onboarding */ = {
			isa = PBXGroup;
			children = (
				9A2E274D0CC79E9693624851 /* OnboardingView.swift */,
			);
			path = Onboarding;
			sourceTree = "<group>";
		};
		42294B82236E7318D323B162 /* Products */ = {
			isa = PBXGroup;
			children = (
				5147463B115B9A90E0D53823 /* TamaGoosie.app */,
				CB6F6E769C5BFA19F71041A3 /* TamaGoosieTests.xctest */,
				594C6090F567DB0B8782D5D2 /* TamaGoosieWatch.app */,
				E7EC7D24AD17972EC819FD58 /* TamaGoosieWidgets.appex */,
			);
			name = Products;
			sourceTree = "<group>";
		};
		427C2F7EA4AE0EBF2D3E1406 /* TamaGoosieWidgets */ = {
			isa = PBXGroup;
			children = (
				E7119B3A0869220100DF3B9D /* GooseWidget.swift */,
				941895C46340D7F63726C6F7 /* Info.plist */,
				9045EF046E73C3C5CD29A718 /* TamaGoosieWidgets.entitlements */,
			);
			path = TamaGoosieWidgets;
			sourceTree = "<group>";
		};
		43CEE484B69AA87E43366CD6 /* TamaGoosieWatch */ = {
			isa = PBXGroup;
			children = (
				EBB250A205156D5833BA6B21 /* Complications */,
				9B880E96B410E34DD097D19C /* GooseGlanceView.swift */,
				8FA52C55A9DDABB6A6056E1C /* Info.plist */,
				623B6AAB6F88CC9EAE2E0A37 /* QuickLogView.swift */,
				17261D1A6061032AE35D42C6 /* TamaGoosieWatch.entitlements */,
				0F9F686670F7CA74D19AB1BD /* WatchApp.swift */,
				E2E3270DF17E2F22F9077425 /* WatchSyncReceiver.swift */,
			);
			path = TamaGoosieWatch;
			sourceTree = "<group>";
		};
		5E414F3A0770D3E29A70DA68 /* Settings */ = {
			isa = PBXGroup;
			children = (
				E6F1F167391F2165F325B1A2 /* DistractionConfigView.swift */,
				6A1CD1FB33CE72E4D48E8EA0 /* NotificationManager.swift */,
				5C031B61EC6D7BE366BE5676 /* SettingsView.swift */,
			);
			path = Settings;
			sourceTree = "<group>";
		};
		86C376D77E790E9917E5D499 /* Services */ = {
			isa = PBXGroup;
			children = (
				27B4DBB787504B206C0A8B90 /* DecayEngine.swift */,
				60862FF4436630CDC20ABFF6 /* GooseEngine.swift */,
				2EE23080F0C585620FA2AA80 /* RewardEngine.swift */,
				D16C84C36F09317E8C15BBCC /* WatchSyncService.swift */,
			);
			path = Services;
			sourceTree = "<group>";
		};
		9D462AB92B924F6BB6E8FD53 /* Notifications */ = {
			isa = PBXGroup;
			children = (
				370E16E8CAC34C8994503875 /* EscalationTracker.swift */,
				CF5479EFDE734D10996D06D5 /* GooseNotificationSystem.swift */,
				03E910D5DA3446808CAC1DB8 /* GooseSpeechGenerator.swift */,
				BDE3CF1CBDF748B39B968D73 /* NegotiationView.swift */,
			);
			path = Notifications;
			sourceTree = "<group>";
		};
		A327CB7869C0C803EFB4709F /* Theme */ = {
			isa = PBXGroup;
			children = (
				A47CB8B4BE05AD7BADEE3357 /* GoosieComponents.swift */,
				ABF97FF359441B0799D8CB3D /* GoosieTheme.swift */,
			);
			path = Theme;
			sourceTree = "<group>";
		};
		A8819B930C83700E791EA1EA /* TamaGoosieTests */ = {
			isa = PBXGroup;
			children = (
				EF1ECEB7316CD68905419198 /* DecayEngineTests.swift */,
				8F0AACFDB6E06365F7B6764C /* GooseEngineTests.swift */,
				DA5121AC95426E42B580756F /* SyncPayloadTests.swift */,
			);
			path = TamaGoosieTests;
			sourceTree = "<group>";
		};
		B5E8A3786E76F61074DAC875 /* Features */ = {
			isa = PBXGroup;
			children = (
				BAE5A5A31A290D90F06CF8E6 /* Focus */,
				9D462AB92B924F6BB6E8FD53 /* Notifications */,
				05E4BD8E7C0524D456EFC5D6 /* Goals */,
				1B8464E5BCCF5D87E582A416 /* Goose */,
				EB4499348D4ACC728713B559 /* Health */,
				2B22E48DC91A055D63904ACF /* Onboarding */,
				5E414F3A0770D3E29A70DA68 /* Settings */,
			);
			path = Features;
			sourceTree = "<group>";
		};
		BAE5A5A31A290D90F06CF8E6 /* Focus */ = {
			isa = PBXGroup;
			children = (
				FE71510B695CABD03828F0D4 /* DistractionOverlay.swift */,
				220BD24CBD965B1825F27DF4 /* FocusSessionView.swift */,
				952AFEB5B959DAF6DA2884B7 /* FocusTimer.swift */,
			);
			path = Focus;
			sourceTree = "<group>";
		};
		CF2565352B123876F9BC1F94 /* Shared */ = {
			isa = PBXGroup;
			children = (
				C47A9B7B550DD4EC4C0957A5 /* Constants.swift */,
				05A4B225F077A7D0D7DE4511 /* GoosePhase.swift */,
				2D4D75B6A0457EE19E0EAA93 /* GooseStats.swift */,
				2F4E8216FE4F12721B999D82 /* SyncPayload.swift */,
			);
			path = Shared;
			sourceTree = "<group>";
		};
		D3DCAC865C2177130918FE5C /* Core */ = {
			isa = PBXGroup;
			children = (
				EAFCDFB3CF3942290565B72F /* Models */,
				86C376D77E790E9917E5D499 /* Services */,
			);
			path = Core;
			sourceTree = "<group>";
		};
		E3CD62641ED4EE5881CCC647 /* App */ = {
			isa = PBXGroup;
			children = (
				AE9FF2C893266ED149C99A6F /* ContentView.swift */,
				20817DC434F39927E7A30358 /* TamaGoosieApp.swift */,
			);
			path = App;
			sourceTree = "<group>";
		};
		EAFCDFB3CF3942290565B72F /* Models */ = {
			isa = PBXGroup;
			children = (
				8954547141902CE3FC703601 /* DailyLog.swift */,
				2D3EFD4ADA025B5122C4EBEF /* DistractionApp.swift */,
				C8DFE5F2C68892AC91BD06E5 /* FocusSession.swift */,
				9EDDD2DC5109B05AB1A3A6BE /* Goal.swift */,
				117B204C5AA42A37727CDF30 /* GooseState.swift */,
				45E891BC9D028499BD9C7AF7 /* HealthSnapshot.swift */,
				A088FE71FAEE764B51B4E397 /* UserProfile.swift */,
			);
			path = Models;
			sourceTree = "<group>";
		};
		EB4499348D4ACC728713B559 /* Health */ = {
			isa = PBXGroup;
			children = (
				E129223B490F8E32CA9DF16B /* HealthDashboard.swift */,
				2F9ED139D6A88C4B71AFFEDF /* HealthKitManager.swift */,
			);
			path = Health;
			sourceTree = "<group>";
		};
		EBB250A205156D5833BA6B21 /* Complications */ = {
			isa = PBXGroup;
			children = (
				3DDC68452E992AE126D3FFFF /* GooseComplication.swift */,
			);
			path = Complications;
			sourceTree = "<group>";
		};
		F1243059AAF610040F5A0EBE /* TamaGoosie */ = {
			isa = PBXGroup;
			children = (
				E3CD62641ED4EE5881CCC647 /* App */,
				D3DCAC865C2177130918FE5C /* Core */,
				B5E8A3786E76F61074DAC875 /* Features */,
				F4F0DFEC80BF07B16C060977 /* Resources */,
				A327CB7869C0C803EFB4709F /* Theme */,
				53C5205B9F9287BB3E870F0F /* Info.plist */,
				D6E9D1CB4D404178EF0F3BD5 /* TamaGoosie.entitlements */,
			);
			path = TamaGoosie;
			sourceTree = "<group>";
		};
		F4F0DFEC80BF07B16C060977 /* Resources */ = {
			isa = PBXGroup;
			children = (
				0D59F30ADA27A66E78D15370 /* Assets.xcassets */,
			);
			path = Resources;
			sourceTree = "<group>";
		};
/* End PBXGroup section */

/* Begin PBXNativeTarget section */
		2967A832F6E06D9198E4D9D3 /* TamaGoosieTests */ = {
			isa = PBXNativeTarget;
			buildConfigurationList = 96B8FDD1D6CEEA4398133F92 /* Build configuration list for PBXNativeTarget "TamaGoosieTests" */;
			buildPhases = (
				26C0B92C69644971511B5801 /* Sources */,
			);
			buildRules = (
			);
			dependencies = (
				04AA05590C34081BDA83F89B /* PBXTargetDependency */,
			);
			name = TamaGoosieTests;
			packageProductDependencies = (
			);
			productName = TamaGoosieTests;
			productReference = CB6F6E769C5BFA19F71041A3 /* TamaGoosieTests.xctest */;
			productType = "com.apple.product-type.bundle.unit-test";
		};
		3212585604C1E2524B96F439 /* TamaGoosieWidgets */ = {
			isa = PBXNativeTarget;
			buildConfigurationList = 9CACCE647403BF728077A9AA /* Build configuration list for PBXNativeTarget "TamaGoosieWidgets" */;
			buildPhases = (
				44A82AE1D10C105B6B2A01EA /* Sources */,
			);
			buildRules = (
			);
			dependencies = (
			);
			name = TamaGoosieWidgets;
			packageProductDependencies = (
			);
			productName = TamaGoosieWidgets;
			productReference = E7EC7D24AD17972EC819FD58 /* TamaGoosieWidgets.appex */;
			productType = "com.apple.product-type.app-extension";
		};
		828D1BDA4ABFF8D091834CB1 /* TamaGoosie */ = {
			isa = PBXNativeTarget;
			buildConfigurationList = 6831A85E626B33CC75BDB1E2 /* Build configuration list for PBXNativeTarget "TamaGoosie" */;
			buildPhases = (
				5046EF8F119DDB52F55BB2E0 /* Sources */,
				F3346F2780B833D7E01E7BF0 /* Resources */,
				A82A9D45D93308309E7D2F1E /* Embed Foundation Extensions */,
			);
			buildRules = (
			);
			dependencies = (
				A28F78F3DB943A1A64D346CD /* PBXTargetDependency */,
			);
			name = TamaGoosie;
			packageProductDependencies = (
			);
			productName = TamaGoosie;
			productReference = 5147463B115B9A90E0D53823 /* TamaGoosie.app */;
			productType = "com.apple.product-type.application";
		};
		F328FFA5B3C55DB8650693FC /* TamaGoosieWatch */ = {
			isa = PBXNativeTarget;
			buildConfigurationList = CB883A65AEE367D76A36C739 /* Build configuration list for PBXNativeTarget "TamaGoosieWatch" */;
			buildPhases = (
				A5925855D5940DAA6C69947D /* Sources */,
			);
			buildRules = (
			);
			dependencies = (
			);
			name = TamaGoosieWatch;
			packageProductDependencies = (
			);
			productName = TamaGoosieWatch;
			productReference = 594C6090F567DB0B8782D5D2 /* TamaGoosieWatch.app */;
			productType = "com.apple.product-type.application";
		};
/* End PBXNativeTarget section */

/* Begin PBXProject section */
		B50A12A259610BBAA13A0734 /* Project object */ = {
			isa = PBXProject;
			attributes = {
				BuildIndependentTargetsInParallel = YES;
				LastUpgradeCheck = 1500;
				TargetAttributes = {
					2967A832F6E06D9198E4D9D3 = {
						DevelopmentTeam = "";
					};
					3212585604C1E2524B96F439 = {
						DevelopmentTeam = "";
					};
					828D1BDA4ABFF8D091834CB1 = {
						DevelopmentTeam = "";
					};
					F328FFA5B3C55DB8650693FC = {
						DevelopmentTeam = "";
					};
				};
			};
			buildConfigurationList = 6760D016B07310E134124FA7 /* Build configuration list for PBXProject "TamaGoosie" */;
			developmentRegion = en;
			hasScannedForEncodings = 0;
			knownRegions = (
				Base,
				en,
			);
			mainGroup = 14F08DE11D47958E84F034BF;
			minimizedProjectReferenceProxies = 1;
			preferredProjectObjectVersion = 77;
			productRefGroup = 42294B82236E7318D323B162 /* Products */;
			projectDirPath = "";
			projectRoot = "";
			targets = (
				828D1BDA4ABFF8D091834CB1 /* TamaGoosie */,
				2967A832F6E06D9198E4D9D3 /* TamaGoosieTests */,
				F328FFA5B3C55DB8650693FC /* TamaGoosieWatch */,
				3212585604C1E2524B96F439 /* TamaGoosieWidgets */,
			);
		};
/* End PBXProject section */

/* Begin PBXResourcesBuildPhase section */
		F3346F2780B833D7E01E7BF0 /* Resources */ = {
			isa = PBXResourcesBuildPhase;
			buildActionMask = 2147483647;
			files = (
				6518F54CF53495BE62C6735E /* Assets.xcassets in Resources */,
			);
			runOnlyForDeploymentPostprocessing = 0;
		};
/* End PBXResourcesBuildPhase section */

/* Begin PBXSourcesBuildPhase section */
		26C0B92C69644971511B5801 /* Sources */ = {
			isa = PBXSourcesBuildPhase;
			buildActionMask = 2147483647;
			files = (
				8310F2E97FBA727473AA1DAD /* DecayEngineTests.swift in Sources */,
				3C2C3C45771B5231BBD4A79A /* GooseEngineTests.swift in Sources */,
				BF5DD0E43CB955F8B53473ED /* SyncPayloadTests.swift in Sources */,
			);
			runOnlyForDeploymentPostprocessing = 0;
		};
		44A82AE1D10C105B6B2A01EA /* Sources */ = {
			isa = PBXSourcesBuildPhase;
			buildActionMask = 2147483647;
			files = (
				62FEE01D7B201E49F60BB363 /* Constants.swift in Sources */,
				73F5C4177F088E9FCF42BE18 /* GoosePhase.swift in Sources */,
				DE551AED1717A85D2F0D8F8D /* GooseStats.swift in Sources */,
				9F3E5B523369CD8D8A13383C /* GooseWidget.swift in Sources */,
				A76416F6B06ECCFAA06F0439 /* SyncPayload.swift in Sources */,
			);
			runOnlyForDeploymentPostprocessing = 0;
		};
		5046EF8F119DDB52F55BB2E0 /* Sources */ = {
			isa = PBXSourcesBuildPhase;
			buildActionMask = 2147483647;
			files = (
				48444724C3D21789368ECF65 /* Constants.swift in Sources */,
				1344CABD800068004099CC07 /* ContentView.swift in Sources */,
				75DD0AC472950585037683BF /* DailyLog.swift in Sources */,
				4870F5458C5868D1EA3FB4E8 /* DecayEngine.swift in Sources */,
				2F3E292F809B7EE6E15DD73E /* DistractionApp.swift in Sources */,
				50B36BCF8F7A21E2EA1BF6F6 /* DistractionConfigView.swift in Sources */,
				CF2A2DA87AA6A0F57E753A5E /* DistractionOverlay.swift in Sources */,
				F5F770EBC685C351BAD13695 /* FocusSession.swift in Sources */,
				1DAC8FD935D9C210CEDEC056 /* FocusSessionView.swift in Sources */,
				A4BFA7900EE7B0AEAA12E357 /* FocusTimer.swift in Sources */,
				673B7B0F82D1381297552048 /* Goal.swift in Sources */,
				8A1C3754E0D255985FC38D18 /* GoalEditorView.swift in Sources */,
				045511F37A331C29DAD6B7F5 /* GoalListView.swift in Sources */,
				797E5DDDA429D96A2F55FFA8 /* GoalViewModel.swift in Sources */,
				02EEA7EC9EBFB369FF402410 /* GooseAnimations.swift in Sources */,
				E7FF5F4CB6202B053210D30F /* GooseEngine.swift in Sources */,
				9C4A5FC197A58EF9EC6D0790 /* GooseLiveActivity.swift in Sources */,
				2967D41799C4AF2113970315 /* GooseLiveActivityManager.swift in Sources */,
				A6597EDA797C71161C9E7053 /* GoosePhase.swift in Sources */,
				27B01CCD612F6AA99A180327 /* GooseState.swift in Sources */,
				6AC042C8F1D9EFFFA2BF0EBA /* GooseStats.swift in Sources */,
				017959C9F45D8E0D4A01C5A6 /* GooseView.swift in Sources */,
				14047F718F25D0338EBCDA49 /* GooseViewModel.swift in Sources */,
				FA700BBA888F6144D8A8763B /* GoosieComponents.swift in Sources */,
				A6FBF6EB77764BFE9C53F814 /* EscalationTracker.swift in Sources */,
				5B2C947E22E04B4ABDBC7D00 /* GooseNotificationSystem.swift in Sources */,
				5B5E576132FB401FBC8BA7FF /* GooseSpeechGenerator.swift in Sources */,
				D5B63129B23F42A89AB55725 /* NegotiationView.swift in Sources */,
				8011B9135369B9163BF57D74 /* GoosieTheme.swift in Sources */,
				DDE3869EE51EC920EEE17CF9 /* HealthDashboard.swift in Sources */,
				E52794FF653860AE226F500B /* HealthKitManager.swift in Sources */,
				68E1ADD5A49B6F106B8692B0 /* HealthSnapshot.swift in Sources */,
				6C420832D884DEB8E7135990 /* NotificationManager.swift in Sources */,
				A9716F03CD5E2418FDD90778 /* OnboardingView.swift in Sources */,
				0BF180C0CF793DA035E31032 /* RewardEngine.swift in Sources */,
				D0DDD308DD96993F2E9DE905 /* SettingsView.swift in Sources */,
				9F654D0DA550DDAC7A817EE6 /* SyncPayload.swift in Sources */,
				C20ECD2853A27096D410D90A /* TamaGoosieApp.swift in Sources */,
				4AB345509C5A405F7F7F99F2 /* UserProfile.swift in Sources */,
				D3AABE326679EAF4948FB8E2 /* WatchSyncService.swift in Sources */,
			);
			runOnlyForDeploymentPostprocessing = 0;
		};
		A5925855D5940DAA6C69947D /* Sources */ = {
			isa = PBXSourcesBuildPhase;
			buildActionMask = 2147483647;
			files = (
				8FCE49D307A4F3661286DBDD /* Constants.swift in Sources */,
				661B98CF0AE80931B1DCC43D /* GooseComplication.swift in Sources */,
				EE4C9C8159F689332A7F8B11 /* GooseGlanceView.swift in Sources */,
				932428714B941E4DB24F0DE5 /* GoosePhase.swift in Sources */,
				9A59252343D4DAFFA8EEED20 /* GooseStats.swift in Sources */,
				F4C4B2DA6ECFB1897B0141DE /* QuickLogView.swift in Sources */,
				ABF9CF827C3739BE790208A4 /* SyncPayload.swift in Sources */,
				45A0AB0B4C6AD741A245043E /* WatchApp.swift in Sources */,
				75DBFF4769BD7A6028D47972 /* WatchSyncReceiver.swift in Sources */,
			);
			runOnlyForDeploymentPostprocessing = 0;
		};
/* End PBXSourcesBuildPhase section */

/* Begin PBXTargetDependency section */
		04AA05590C34081BDA83F89B /* PBXTargetDependency */ = {
			isa = PBXTargetDependency;
			target = 828D1BDA4ABFF8D091834CB1 /* TamaGoosie */;
			targetProxy = 58738941CDEC79CF3E43744E /* PBXContainerItemProxy */;
		};
		A28F78F3DB943A1A64D346CD /* PBXTargetDependency */ = {
			isa = PBXTargetDependency;
			target = 3212585604C1E2524B96F439 /* TamaGoosieWidgets */;
			targetProxy = F58D691EDA08BF73434B9F7B /* PBXContainerItemProxy */;
		};
/* End PBXTargetDependency section */

/* Begin XCBuildConfiguration section */
		09043F9864F6435E907E7D16 /* Debug */ = {
			isa = XCBuildConfiguration;
			buildSettings = {
				ASSETCATALOG_COMPILER_APPICON_NAME = AppIcon;
				CODE_SIGN_ENTITLEMENTS = TamaGoosie/TamaGoosie.entitlements;
				CODE_SIGN_IDENTITY = "iPhone Developer";
				INFOPLIST_FILE = TamaGoosie/Info.plist;
				IPHONEOS_DEPLOYMENT_TARGET = 26.0;
				LD_RUNPATH_SEARCH_PATHS = (
					"$(inherited)",
					"@executable_path/Frameworks",
				);
				PRODUCT_BUNDLE_IDENTIFIER = com.tamagoosie.app;
				SDKROOT = iphoneos;
				SUPPORTS_LIVE_ACTIVITIES = YES;
				TARGETED_DEVICE_FAMILY = "1,2";
			};
			name = Debug;
		};
		09CF5541ADDD0485A699C80B /* Release */ = {
			isa = XCBuildConfiguration;
			buildSettings = {
				CODE_SIGN_ENTITLEMENTS = TamaGoosieWidgets/TamaGoosieWidgets.entitlements;
				INFOPLIST_FILE = TamaGoosieWidgets/Info.plist;
				LD_RUNPATH_SEARCH_PATHS = (
					"$(inherited)",
					"@executable_path/Frameworks",
					"@executable_path/../../Frameworks",
				);
				PRODUCT_BUNDLE_IDENTIFIER = com.tamagoosie.app.widgets;
				SDKROOT = iphoneos;
				TARGETED_DEVICE_FAMILY = "1,2";
			};
			name = Release;
		};
		12A3C6D8AEFB7C5364953B59 /* Release */ = {
			isa = XCBuildConfiguration;
			buildSettings = {
				ASSETCATALOG_COMPILER_APPICON_NAME = AppIcon;
				CODE_SIGN_ENTITLEMENTS = TamaGoosie/TamaGoosie.entitlements;
				CODE_SIGN_IDENTITY = "iPhone Developer";
				INFOPLIST_FILE = TamaGoosie/Info.plist;
				IPHONEOS_DEPLOYMENT_TARGET = 26.0;
				LD_RUNPATH_SEARCH_PATHS = (
					"$(inherited)",
					"@executable_path/Frameworks",
				);
				PRODUCT_BUNDLE_IDENTIFIER = com.tamagoosie.app;
				SDKROOT = iphoneos;
				SUPPORTS_LIVE_ACTIVITIES = YES;
				TARGETED_DEVICE_FAMILY = "1,2";
			};
			name = Release;
		};
		2C0E08F628253A53771FE941 /* Debug */ = {
			isa = XCBuildConfiguration;
			buildSettings = {
				ASSETCATALOG_COMPILER_APPICON_NAME = AppIcon;
				CODE_SIGN_ENTITLEMENTS = TamaGoosieWatch/TamaGoosieWatch.entitlements;
				INFOPLIST_FILE = TamaGoosieWatch/Info.plist;
				PRODUCT_BUNDLE_IDENTIFIER = com.tamagoosie.watch;
				SDKROOT = watchos;
				SKIP_INSTALL = YES;
				TARGETED_DEVICE_FAMILY = 4;
			};
			name = Debug;
		};
		608ACA78B10F85E1185BF1C3 /* Release */ = {
			isa = XCBuildConfiguration;
			buildSettings = {
				ASSETCATALOG_COMPILER_APPICON_NAME = AppIcon;
				CODE_SIGN_ENTITLEMENTS = TamaGoosieWatch/TamaGoosieWatch.entitlements;
				INFOPLIST_FILE = TamaGoosieWatch/Info.plist;
				PRODUCT_BUNDLE_IDENTIFIER = com.tamagoosie.watch;
				SDKROOT = watchos;
				SKIP_INSTALL = YES;
				TARGETED_DEVICE_FAMILY = 4;
			};
			name = Release;
		};
		84C3227E10E7D799138C5F41 /* Debug */ = {
			isa = XCBuildConfiguration;
			buildSettings = {
				BUNDLE_LOADER = "$(TEST_HOST)";
				GENERATE_INFOPLIST_FILE = YES;
				LD_RUNPATH_SEARCH_PATHS = (
					"$(inherited)",
					"@executable_path/Frameworks",
					"@loader_path/Frameworks",
				);
				PRODUCT_BUNDLE_IDENTIFIER = com.tamagoosie.tests;
				SDKROOT = iphoneos;
				TARGETED_DEVICE_FAMILY = "1,2";
				TEST_HOST = "$(BUILT_PRODUCTS_DIR)/TamaGoosie.app/TamaGoosie";
			};
			name = Debug;
		};
		92B4FBED057E9A713008FD07 /* Release */ = {
			isa = XCBuildConfiguration;
			buildSettings = {
				ALWAYS_SEARCH_USER_PATHS = NO;
				CLANG_ANALYZER_NONNULL = YES;
				CLANG_ANALYZER_NUMBER_OBJECT_CONVERSION = YES_AGGRESSIVE;
				CLANG_CXX_LANGUAGE_STANDARD = "gnu++14";
				CLANG_CXX_LIBRARY = "libc++";
				CLANG_ENABLE_MODULES = YES;
				CLANG_ENABLE_OBJC_ARC = YES;
				CLANG_ENABLE_OBJC_WEAK = YES;
				CLANG_WARN_BLOCK_CAPTURE_AUTORELEASING = YES;
				CLANG_WARN_BOOL_CONVERSION = YES;
				CLANG_WARN_COMMA = YES;
				CLANG_WARN_CONSTANT_CONVERSION = YES;
				CLANG_WARN_DEPRECATED_OBJC_IMPLEMENTATIONS = YES;
				CLANG_WARN_DIRECT_OBJC_ISA_USAGE = YES_ERROR;
				CLANG_WARN_DOCUMENTATION_COMMENTS = YES;
				CLANG_WARN_EMPTY_BODY = YES;
				CLANG_WARN_ENUM_CONVERSION = YES;
				CLANG_WARN_INFINITE_RECURSION = YES;
				CLANG_WARN_INT_CONVERSION = YES;
				CLANG_WARN_NON_LITERAL_NULL_CONVERSION = YES;
				CLANG_WARN_OBJC_IMPLICIT_RETAIN_SELF = YES;
				CLANG_WARN_OBJC_LITERAL_CONVERSION = YES;
				CLANG_WARN_OBJC_ROOT_CLASS = YES_ERROR;
				CLANG_WARN_QUOTED_INCLUDE_IN_FRAMEWORK_HEADER = YES;
				CLANG_WARN_RANGE_LOOP_ANALYSIS = YES;
				CLANG_WARN_STRICT_PROTOTYPES = YES;
				CLANG_WARN_SUSPICIOUS_MOVE = YES;
				CLANG_WARN_UNGUARDED_AVAILABILITY = YES_AGGRESSIVE;
				CLANG_WARN_UNREACHABLE_CODE = YES;
				CLANG_WARN__DUPLICATE_METHOD_MATCH = YES;
				COPY_PHASE_STRIP = NO;
				DEBUG_INFORMATION_FORMAT = "dwarf-with-dsym";
				DEVELOPMENT_TEAM = "";
				ENABLE_NS_ASSERTIONS = NO;
				ENABLE_STRICT_OBJC_MSGSEND = YES;
				GCC_C_LANGUAGE_STANDARD = gnu11;
				GCC_NO_COMMON_BLOCKS = YES;
				GCC_WARN_64_TO_32_BIT_CONVERSION = YES;
				GCC_WARN_ABOUT_RETURN_TYPE = YES_ERROR;
				GCC_WARN_UNDECLARED_SELECTOR = YES;
				GCC_WARN_UNINITIALIZED_AUTOS = YES_AGGRESSIVE;
				GCC_WARN_UNUSED_FUNCTION = YES;
				GCC_WARN_UNUSED_VARIABLE = YES;
				IPHONEOS_DEPLOYMENT_TARGET = 18.1;
				MTL_ENABLE_DEBUG_INFO = NO;
				MTL_FAST_MATH = YES;
				PRODUCT_NAME = "$(TARGET_NAME)";
				SWIFT_COMPILATION_MODE = wholemodule;
				SWIFT_OPTIMIZATION_LEVEL = "-O";
				SWIFT_VERSION = 5.9;
				WATCHOS_DEPLOYMENT_TARGET = 10.0;
			};
			name = Release;
		};
		EF9CE661E43E9DC3CA4E8D15 /* Debug */ = {
			isa = XCBuildConfiguration;
			buildSettings = {
				ALWAYS_SEARCH_USER_PATHS = NO;
				CLANG_ANALYZER_NONNULL = YES;
				CLANG_ANALYZER_NUMBER_OBJECT_CONVERSION = YES_AGGRESSIVE;
				CLANG_CXX_LANGUAGE_STANDARD = "gnu++14";
				CLANG_CXX_LIBRARY = "libc++";
				CLANG_ENABLE_MODULES = YES;
				CLANG_ENABLE_OBJC_ARC = YES;
				CLANG_ENABLE_OBJC_WEAK = YES;
				CLANG_WARN_BLOCK_CAPTURE_AUTORELEASING = YES;
				CLANG_WARN_BOOL_CONVERSION = YES;
				CLANG_WARN_COMMA = YES;
				CLANG_WARN_CONSTANT_CONVERSION = YES;
				CLANG_WARN_DEPRECATED_OBJC_IMPLEMENTATIONS = YES;
				CLANG_WARN_DIRECT_OBJC_ISA_USAGE = YES_ERROR;
				CLANG_WARN_DOCUMENTATION_COMMENTS = YES;
				CLANG_WARN_EMPTY_BODY = YES;
				CLANG_WARN_ENUM_CONVERSION = YES;
				CLANG_WARN_INFINITE_RECURSION = YES;
				CLANG_WARN_INT_CONVERSION = YES;
				CLANG_WARN_NON_LITERAL_NULL_CONVERSION = YES;
				CLANG_WARN_OBJC_IMPLICIT_RETAIN_SELF = YES;
				CLANG_WARN_OBJC_LITERAL_CONVERSION = YES;
				CLANG_WARN_OBJC_ROOT_CLASS = YES_ERROR;
				CLANG_WARN_QUOTED_INCLUDE_IN_FRAMEWORK_HEADER = YES;
				CLANG_WARN_RANGE_LOOP_ANALYSIS = YES;
				CLANG_WARN_STRICT_PROTOTYPES = YES;
				CLANG_WARN_SUSPICIOUS_MOVE = YES;
				CLANG_WARN_UNGUARDED_AVAILABILITY = YES_AGGRESSIVE;
				CLANG_WARN_UNREACHABLE_CODE = YES;
				CLANG_WARN__DUPLICATE_METHOD_MATCH = YES;
				COPY_PHASE_STRIP = NO;
				DEBUG_INFORMATION_FORMAT = dwarf;
				DEVELOPMENT_TEAM = "";
				ENABLE_STRICT_OBJC_MSGSEND = YES;
				ENABLE_TESTABILITY = YES;
				GCC_C_LANGUAGE_STANDARD = gnu11;
				GCC_DYNAMIC_NO_PIC = NO;
				GCC_NO_COMMON_BLOCKS = YES;
				GCC_OPTIMIZATION_LEVEL = 0;
				GCC_PREPROCESSOR_DEFINITIONS = (
					"$(inherited)",
					"DEBUG=1",
				);
				GCC_WARN_64_TO_32_BIT_CONVERSION = YES;
				GCC_WARN_ABOUT_RETURN_TYPE = YES_ERROR;
				GCC_WARN_UNDECLARED_SELECTOR = YES;
				GCC_WARN_UNINITIALIZED_AUTOS = YES_AGGRESSIVE;
				GCC_WARN_UNUSED_FUNCTION = YES;
				GCC_WARN_UNUSED_VARIABLE = YES;
				IPHONEOS_DEPLOYMENT_TARGET = 18.1;
				MTL_ENABLE_DEBUG_INFO = INCLUDE_SOURCE;
				MTL_FAST_MATH = YES;
				ONLY_ACTIVE_ARCH = YES;
				PRODUCT_NAME = "$(TARGET_NAME)";
				SWIFT_ACTIVE_COMPILATION_CONDITIONS = DEBUG;
				SWIFT_OPTIMIZATION_LEVEL = "-Onone";
				SWIFT_VERSION = 5.9;
				WATCHOS_DEPLOYMENT_TARGET = 10.0;
			};
			name = Debug;
		};
		F15FAB7ED73A8972066F069B /* Release */ = {
			isa = XCBuildConfiguration;
			buildSettings = {
				BUNDLE_LOADER = "$(TEST_HOST)";
				GENERATE_INFOPLIST_FILE = YES;
				LD_RUNPATH_SEARCH_PATHS = (
					"$(inherited)",
					"@executable_path/Frameworks",
					"@loader_path/Frameworks",
				);
				PRODUCT_BUNDLE_IDENTIFIER = com.tamagoosie.tests;
				SDKROOT = iphoneos;
				TARGETED_DEVICE_FAMILY = "1,2";
				TEST_HOST = "$(BUILT_PRODUCTS_DIR)/TamaGoosie.app/TamaGoosie";
			};
			name = Release;
		};
		FBDFE8CFC11A10C3F8A141CD /* Debug */ = {
			isa = XCBuildConfiguration;
			buildSettings = {
				CODE_SIGN_ENTITLEMENTS = TamaGoosieWidgets/TamaGoosieWidgets.entitlements;
				INFOPLIST_FILE = TamaGoosieWidgets/Info.plist;
				LD_RUNPATH_SEARCH_PATHS = (
					"$(inherited)",
					"@executable_path/Frameworks",
					"@executable_path/../../Frameworks",
				);
				PRODUCT_BUNDLE_IDENTIFIER = com.tamagoosie.app.widgets;
				SDKROOT = iphoneos;
				TARGETED_DEVICE_FAMILY = "1,2";
			};
			name = Debug;
		};
/* End XCBuildConfiguration section */

/* Begin XCConfigurationList section */
		6760D016B07310E134124FA7 /* Build configuration list for PBXProject "TamaGoosie" */ = {
			isa = XCConfigurationList;
			buildConfigurations = (
				EF9CE661E43E9DC3CA4E8D15 /* Debug */,
				92B4FBED057E9A713008FD07 /* Release */,
			);
			defaultConfigurationIsVisible = 0;
			defaultConfigurationName = Debug;
		};
		6831A85E626B33CC75BDB1E2 /* Build configuration list for PBXNativeTarget "TamaGoosie" */ = {
			isa = XCConfigurationList;
			buildConfigurations = (
				09043F9864F6435E907E7D16 /* Debug */,
				12A3C6D8AEFB7C5364953B59 /* Release */,
			);
			defaultConfigurationIsVisible = 0;
			defaultConfigurationName = Debug;
		};
		96B8FDD1D6CEEA4398133F92 /* Build configuration list for PBXNativeTarget "TamaGoosieTests" */ = {
			isa = XCConfigurationList;
			buildConfigurations = (
				84C3227E10E7D799138C5F41 /* Debug */,
				F15FAB7ED73A8972066F069B /* Release */,
			);
			defaultConfigurationIsVisible = 0;
			defaultConfigurationName = Debug;
		};
		9CACCE647403BF728077A9AA /* Build configuration list for PBXNativeTarget "TamaGoosieWidgets" */ = {
			isa = XCConfigurationList;
			buildConfigurations = (
				FBDFE8CFC11A10C3F8A141CD /* Debug */,
				09CF5541ADDD0485A699C80B /* Release */,
			);
			defaultConfigurationIsVisible = 0;
			defaultConfigurationName = Debug;
		};
		CB883A65AEE367D76A36C739 /* Build configuration list for PBXNativeTarget "TamaGoosieWatch" */ = {
			isa = XCConfigurationList;
			buildConfigurations = (
				2C0E08F628253A53771FE941 /* Debug */,
				608ACA78B10F85E1185BF1C3 /* Release */,
			);
			defaultConfigurationIsVisible = 0;
			defaultConfigurationName = Debug;
		};
/* End XCConfigurationList section */
	};
	rootObject = B50A12A259610BBAA13A0734 /* Project object */;
}
